Microsoft Visual Studio Solution File, Format Version 12.00
# Visual Studio 2012
Project("{FAE04EC0-301F-11D3-BF4B-00C04F79EFBC}") = "Stories of the Fallen Empire - Clovis Dagarik", "Stories of the Fallen Empire - Clovis Dagarik.csproj", "{274950F4-B01F-4FEC-85A2-F13C5E9C0494}"
EndProject
Global
	GlobalSection(SolutionConfigurationPlatforms) = preSolution
	Debug|Any CPU = Debug|Any CPU
	ExportDebug|Any CPU = ExportDebug|Any CPU
	ExportRelease|Any CPU = ExportRelease|Any CPU
	EndGlobalSection
	GlobalSection(ProjectConfigurationPlatforms) = postSolution
		{274950F4-B01F-4FEC-85A2-F13C5E9C0494}.Debug|Any CPU.ActiveCfg = Debug|Any CPU
		{274950F4-B01F-4FEC-85A2-F13C5E9C0494}.Debug|Any CPU.Build.0 = Debug|Any CPU
		{274950F4-B01F-4FEC-85A2-F13C5E9C0494}.ExportDebug|Any CPU.ActiveCfg = ExportDebug|Any CPU
		{274950F4-B01F-4FEC-85A2-F13C5E9C0494}.ExportDebug|Any CPU.Build.0 = ExportDebug|Any CPU
		{274950F4-B01F-4FEC-85A2-F13C5E9C0494}.ExportRelease|Any CPU.ActiveCfg = ExportRelease|Any CPU
		{274950F4-B01F-4FEC-85A2-F13C5E9C0494}.ExportRelease|Any CPU.Build.0 = ExportRelease|Any CPU
	EndGlobalSection
EndGlobal
